
Microsoft Visual Studio Solution File, Format Version 12.00
# Visual Studio Version 17
VisualStudioVersion = 17.14.37216.2
MinimumVisualStudioVersion = 10.0.40219.1
Project("{8BC9CEB8-8B4A-11D0-8D11-00A0C91BC942}") = "Raytracer_challenge", "Raytracer_challenge.vcxproj", "{471FE92B-58AA-8B89-8EAF-A2D37C3CB742}"
EndProject
Global
	GlobalSection(SolutionConfigurationPlatforms) = preSolution
		Debug|x64 = Debug|x64
		Release|x64 = Release|x64
	EndGlobalSection
	GlobalSection(ProjectConfigurationPlatforms) = postSolution
		{471FE92B-58AA-8B89-8EAF-A2D37C3CB742}.Debug|x64.ActiveCfg = Debug|x64
		{471FE92B-58AA-8B89-8EAF-A2D37C3CB742}.Debug|x64.Build.0 = Debug|x64
		{471FE92B-58AA-8B89-8EAF-A2D37C3CB742}.Release|x64.ActiveCfg = Release|x64
		{471FE92B-58AA-8B89-8EAF-A2D37C3CB742}.Release|x64.Build.0 = Release|x64
	EndGlobalSection
	GlobalSection(SolutionProperties) = preSolution
		HideSolutionNode = FALSE
	EndGlobalSection
	GlobalSection(ExtensibilityGlobals) = postSolution
		SolutionGuid = {2D8EC538-B7E1-499E-A3BB-5EFA335CB6E3}
	EndGlobalSection
EndGlobal
